
Microsoft Visual Studio Solution File, Format Version 12.00
# Visual Studio Version 16
VisualStudioVersion = 16.0.29519.181
MinimumVisualStudioVersion = 10.0.40219.1
Project("{9A19103F-16F7-4668-BE54-9A1E7A4F7556}") = "TestWebapp", "TestWebapp\TestWebapp.csproj", "{A38A25D4-3111-4EE6-93AE-799234BA0C4B}"
EndProject
Project("{FAE04EC0-301F-11D3-BF4B-00C04F79EFBC}") = "TestWebapp.Test", "TestWebappTest\TestWebapp.Test.csproj", "{97951EBC-0FAF-41F5-A920-54BD4693434B}"
EndProject
Global
	GlobalSection(SolutionConfigurationPlatforms) = preSolution
		Debug|Any CPU = Debug|Any CPU
		Release|Any CPU = Release|Any CPU
	EndGlobalSection
	GlobalSection(ProjectConfigurationPlatforms) = postSolution
		{A38A25D4-3111-4EE6-93AE-799234BA0C4B}.Debug|Any CPU.ActiveCfg = Debug|Any CPU
		{A38A25D4-3111-4EE6-93AE-799234BA0C4B}.Debug|Any CPU.Build.0 = Debug|Any CPU
		{A38A25D4-3111-4EE6-93AE-799234BA0C4B}.Release|Any CPU.ActiveCfg = Release|Any CPU
		{A38A25D4-3111-4EE6-93AE-799234BA0C4B}.Release|Any CPU.Build.0 = Release|Any CPU
		{97951EBC-0FAF-41F5-A920-54BD4693434B}.Debug|Any CPU.ActiveCfg = Debug|Any CPU
		{97951EBC-0FAF-41F5-A920-54BD4693434B}.Debug|Any CPU.Build.0 = Debug|Any CPU
		{97951EBC-0FAF-41F5-A920-54BD4693434B}.Release|Any CPU.ActiveCfg = Release|Any CPU
		{97951EBC-0FAF-41F5-A920-54BD4693434B}.Release|Any CPU.Build.0 = Release|Any CPU
	EndGlobalSection
	GlobalSection(SolutionProperties) = preSolution
		HideSolutionNode = FALSE
	EndGlobalSection
	GlobalSection(ExtensibilityGlobals) = postSolution
		SolutionGuid = {E4DBE519-7CAE-4BF5-83FD-01558A5ADB84}
	EndGlobalSection
EndGlobal
